
Microsoft Visual Studio Solution File, Format Version 11.00
# Visual Studio 2010
Project("{FAE04EC0-301F-11D3-BF4B-00C04F79EFBC}") = "NavMeshComponents", "NavMeshComponents.csproj", "{EC579CF8-EF3E-F221-DB8D-DC0B69B42A08}"
EndProject
Project("{FAE04EC0-301F-11D3-BF4B-00C04F79EFBC}") = "Assembly-CSharp", "Assembly-CSharp.csproj", "{AADB55CF-3480-3BB0-91E9-70E41B70C4C3}"
EndProject
Project("{FAE04EC0-301F-11D3-BF4B-00C04F79EFBC}") = "NavMeshComponentsEditor", "NavMeshComponentsEditor.csproj", "{598B2B02-B08A-95B8-6FBF-45B5BA897BD7}"
EndProject
Global
	GlobalSection(SolutionConfigurationPlatforms) = preSolution
		Debug|Any CPU = Debug|Any CPU
		Release|Any CPU = Release|Any CPU
	EndGlobalSection
	GlobalSection(ProjectConfigurationPlatforms) = postSolution
		{EC579CF8-EF3E-F221-DB8D-DC0B69B42A08}.Debug|Any CPU.ActiveCfg = Debug|Any CPU
		{EC579CF8-EF3E-F221-DB8D-DC0B69B42A08}.Debug|Any CPU.Build.0 = Debug|Any CPU
		{EC579CF8-EF3E-F221-DB8D-DC0B69B42A08}.Release|Any CPU.ActiveCfg = Release|Any CPU
		{EC579CF8-EF3E-F221-DB8D-DC0B69B42A08}.Release|Any CPU.Build.0 = Release|Any CPU
		{AADB55CF-3480-3BB0-91E9-70E41B70C4C3}.Debug|Any CPU.ActiveCfg = Debug|Any CPU
		{AADB55CF-3480-3BB0-91E9-70E41B70C4C3}.Debug|Any CPU.Build.0 = Debug|Any CPU
		{AADB55CF-3480-3BB0-91E9-70E41B70C4C3}.Release|Any CPU.ActiveCfg = Release|Any CPU
		{AADB55CF-3480-3BB0-91E9-70E41B70C4C3}.Release|Any CPU.Build.0 = Release|Any CPU
		{598B2B02-B08A-95B8-6FBF-45B5BA897BD7}.Debug|Any CPU.ActiveCfg = Debug|Any CPU
		{598B2B02-B08A-95B8-6FBF-45B5BA897BD7}.Debug|Any CPU.Build.0 = Debug|Any CPU
		{598B2B02-B08A-95B8-6FBF-45B5BA897BD7}.Release|Any CPU.ActiveCfg = Release|Any CPU
		{598B2B02-B08A-95B8-6FBF-45B5BA897BD7}.Release|Any CPU.Build.0 = Release|Any CPU
	EndGlobalSection
	GlobalSection(SolutionProperties) = preSolution
		HideSolutionNode = FALSE
	EndGlobalSection
EndGlobal
